// !$*UTF8*$!
{
	archiveVersion = 1;
	classes = {
	};
	objectVersion = 56;
	objects = {

/* Begin PBXBuildFile section */
		F9E1C3692C27F9F500186815 /* PlanetsApp.swift in Sources */ = {isa = PBXBuildFile; fileRef = F9E1C3682C27F9F500186815 /* PlanetsApp.swift */; };
		F9E1C36D2C27F9F600186815 /* Assets.xcassets in Resources */ = {isa = PBXBuildFile; fileRef = F9E1C36C2C27F9F600186815 /* Assets.xcassets */; };
		F9E1C3702C27F9F600186815 /* Preview Assets.xcassets in Resources */ = {isa = PBXBuildFile; fileRef = F9E1C36F2C27F9F600186815 /* Preview Assets.xcassets */; };
		F9E1C37A2C27F9F600186815 /* PlanetsTests.swift in Sources */ = {isa = PBXBuildFile; fileRef = F9E1C3792C27F9F600186815 /* PlanetsTests.swift */; };
		F9E1C3842C27F9F600186815 /* PlanetsUITests.swift in Sources */ = {isa = PBXBuildFile; fileRef = F9E1C3832C27F9F600186815 /* PlanetsUITests.swift */; };
		F9E1C3862C27F9F600186815 /* PlanetsUITestsLaunchTests.swift in Sources */ = {isa = PBXBuildFile; fileRef = F9E1C3852C27F9F600186815 /* PlanetsUITestsLaunchTests.swift */; };
		F9E1C3942C28020500186815 /* NetworkError.swift in Sources */ = {isa = PBXBuildFile; fileRef = F9E1C3932C28020500186815 /* NetworkError.swift */; };
		F9E1C3962C2805B700186815 /* RequestEnum.swift in Sources */ = {isa = PBXBuildFile; fileRef = F9E1C3952C2805B700186815 /* RequestEnum.swift */; };
		F9E1C3982C2805D800186815 /* Endpoint.swift in Sources */ = {isa = PBXBuildFile; fileRef = F9E1C3972C2805D800186815 /* Endpoint.swift */; };
		F9E1C39A2C2805F100186815 /* Constants.swift in Sources */ = {isa = PBXBuildFile; fileRef = F9E1C3992C2805F100186815 /* Constants.swift */; };
		F9E1C39C2C28061F00186815 /* HTTPClient.swift in Sources */ = {isa = PBXBuildFile; fileRef = F9E1C39B2C28061F00186815 /* HTTPClient.swift */; };
		F9E1C39F2C28067D00186815 /* AstronomyArticle.swift in Sources */ = {isa = PBXBuildFile; fileRef = F9E1C39E2C28067D00186815 /* AstronomyArticle.swift */; };
		F9E1C3A12C28069700186815 /* ArticlesEndpoint.swift in Sources */ = {isa = PBXBuildFile; fileRef = F9E1C3A02C28069700186815 /* ArticlesEndpoint.swift */; };
		F9E1C3A32C2806DD00186815 /* ArticlesViewModel.swift in Sources */ = {isa = PBXBuildFile; fileRef = F9E1C3A22C2806DD00186815 /* ArticlesViewModel.swift */; };
		F9E1C3A52C28070D00186815 /* ArticleListView.swift in Sources */ = {isa = PBXBuildFile; fileRef = F9E1C3A42C28070D00186815 /* ArticleListView.swift */; };
/* End PBXBuildFile section */

/* Begin PBXContainerItemProxy section */
		F9E1C3762C27F9F600186815 /* PBXContainerItemProxy */ = {
			isa = PBXContainerItemProxy;
			containerPortal = F9E1C35D2C27F9F500186815 /* Project object */;
			proxyType = 1;
			remoteGlobalIDString = F9E1C3642C27F9F500186815;
			remoteInfo = Planets;
		};
		F9E1C3802C27F9F600186815 /* PBXContainerItemProxy */ = {
			isa = PBXContainerItemProxy;
			containerPortal = F9E1C35D2C27F9F500186815 /* Project object */;
			proxyType = 1;
			remoteGlobalIDString = F9E1C3642C27F9F500186815;
			remoteInfo = Planets;
		};
/* End PBXContainerItemProxy section */

/* Begin PBXFileReference section */
		F9E1C3652C27F9F500186815 /* Planets.app */ = {isa = PBXFileReference; explicitFileType = wrapper.application; includeInIndex = 0; path = Planets.app; sourceTree = BUILT_PRODUCTS_DIR; };
		F9E1C3682C27F9F500186815 /* PlanetsApp.swift */ = {isa = PBXFileReference; lastKnownFileType = sourcecode.swift; path = PlanetsApp.swift; sourceTree = "<group>"; };
		F9E1C36C2C27F9F600186815 /* Assets.xcassets */ = {isa = PBXFileReference; lastKnownFileType = folder.assetcatalog; path = Assets.xcassets; sourceTree = "<group>"; };
		F9E1C36F2C27F9F600186815 /* Preview Assets.xcassets */ = {isa = PBXFileReference; lastKnownFileType = folder.assetcatalog; path = "Preview Assets.xcassets"; sourceTree = "<group>"; };
		F9E1C3752C27F9F600186815 /* PlanetsTests.xctest */ = {isa = PBXFileReference; explicitFileType = wrapper.cfbundle; includeInIndex = 0; path = PlanetsTests.xctest; sourceTree = BUILT_PRODUCTS_DIR; };
		F9E1C3792C27F9F600186815 /* PlanetsTests.swift */ = {isa = PBXFileReference; lastKnownFileType = sourcecode.swift; path = PlanetsTests.swift; sourceTree = "<group>"; };
		F9E1C37F2C27F9F600186815 /* PlanetsUITests.xctest */ = {isa = PBXFileReference; explicitFileType = wrapper.cfbundle; includeInIndex = 0; path = PlanetsUITests.xctest; sourceTree = BUILT_PRODUCTS_DIR; };
		F9E1C3832C27F9F600186815 /* PlanetsUITests.swift */ = {isa = PBXFileReference; lastKnownFileType = sourcecode.swift; path = PlanetsUITests.swift; sourceTree = "<group>"; };
		F9E1C3852C27F9F600186815 /* PlanetsUITestsLaunchTests.swift */ = {isa = PBXFileReference; lastKnownFileType = sourcecode.swift; path = PlanetsUITestsLaunchTests.swift; sourceTree = "<group>"; };
		F9E1C3932C28020500186815 /* NetworkError.swift */ = {isa = PBXFileReference; lastKnownFileType = sourcecode.swift; path = NetworkError.swift; sourceTree = "<group>"; };
		F9E1C3952C2805B700186815 /* RequestEnum.swift */ = {isa = PBXFileReference; lastKnownFileType = sourcecode.swift; path = RequestEnum.swift; sourceTree = "<group>"; };
		F9E1C3972C2805D800186815 /* Endpoint.swift */ = {isa = PBXFileReference; lastKnownFileType = sourcecode.swift; path = Endpoint.swift; sourceTree = "<group>"; };
		F9E1C3992C2805F100186815 /* Constants.swift */ = {isa = PBXFileReference; lastKnownFileType = sourcecode.swift; path = Constants.swift; sourceTree = "<group>"; };
		F9E1C39B2C28061F00186815 /* HTTPClient.swift */ = {isa = PBXFileReference; lastKnownFileType = sourcecode.swift; path = HTTPClient.swift; sourceTree = "<group>"; };
		F9E1C39E2C28067D00186815 /* AstronomyArticle.swift */ = {isa = PBXFileReference; lastKnownFileType = sourcecode.swift; path = AstronomyArticle.swift; sourceTree = "<group>"; };
		F9E1C3A02C28069700186815 /* ArticlesEndpoint.swift */ = {isa = PBXFileReference; lastKnownFileType = sourcecode.swift; path = ArticlesEndpoint.swift; sourceTree = "<group>"; };
		F9E1C3A22C2806DD00186815 /* ArticlesViewModel.swift */ = {isa = PBXFileReference; lastKnownFileType = sourcecode.swift; path = ArticlesViewModel.swift; sourceTree = "<group>"; };
		F9E1C3A42C28070D00186815 /* ArticleListView.swift */ = {isa = PBXFileReference; lastKnownFileType = sourcecode.swift; path = ArticleListView.swift; sourceTree = "<group>"; };
/* End PBXFileReference section */

/* Begin PBXFrameworksBuildPhase section */
		F9E1C3622C27F9F500186815 /* Frameworks */ = {
			isa = PBXFrameworksBuildPhase;
			buildActionMask = 2147483647;
			files = (
			);
			runOnlyForDeploymentPostprocessing = 0;
		};
		F9E1C3722C27F9F600186815 /* Frameworks */ = {
			isa = PBXFrameworksBuildPhase;
			buildActionMask = 2147483647;
			files = (
			);
			runOnlyForDeploymentPostprocessing = 0;
		};
		F9E1C37C2C27F9F600186815 /* Frameworks */ = {
			isa = PBXFrameworksBuildPhase;
			buildActionMask = 2147483647;
			files = (
			);
			runOnlyForDeploymentPostprocessing = 0;
		};
/* End PBXFrameworksBuildPhase section */

/* Begin PBXGroup section */
		F9E1C35C2C27F9F500186815 = {
			isa = PBXGroup;
			children = (
				F9E1C3672C27F9F500186815 /* Planets */,
				F9E1C3782C27F9F600186815 /* PlanetsTests */,
				F9E1C3822C27F9F600186815 /* PlanetsUITests */,
				F9E1C3662C27F9F500186815 /* Products */,
			);
			sourceTree = "<group>";
		};
		F9E1C3662C27F9F500186815 /* Products */ = {
			isa = PBXGroup;
			children = (
				F9E1C3652C27F9F500186815 /* Planets.app */,
				F9E1C3752C27F9F600186815 /* PlanetsTests.xctest */,
				F9E1C37F2C27F9F600186815 /* PlanetsUITests.xctest */,
			);
			name = Products;
			sourceTree = "<group>";
		};
		F9E1C3672C27F9F500186815 /* Planets */ = {
			isa = PBXGroup;
			children = (
				F9E1C3682C27F9F500186815 /* PlanetsApp.swift */,
				F9E1C3992C2805F100186815 /* Constants.swift */,
				F9E1C3922C2801EE00186815 /* Networking */,
				F9E1C39D2C28065D00186815 /* ArticleList */,
				F9E1C36C2C27F9F600186815 /* Assets.xcassets */,
				F9E1C36E2C27F9F600186815 /* Preview Content */,
			);
			path = Planets;
			sourceTree = "<group>";
		};
		F9E1C36E2C27F9F600186815 /* Preview Content */ = {
			isa = PBXGroup;
			children = (
				F9E1C36F2C27F9F600186815 /* Preview Assets.xcassets */,
			);
			path = "Preview Content";
			sourceTree = "<group>";
		};
		F9E1C3782C27F9F600186815 /* PlanetsTests */ = {
			isa = PBXGroup;
			children = (
				F9E1C3792C27F9F600186815 /* PlanetsTests.swift */,
			);
			path = PlanetsTests;
			sourceTree = "<group>";
		};
		F9E1C3822C27F9F600186815 /* PlanetsUITests */ = {
			isa = PBXGroup;
			children = (
				F9E1C3832C27F9F600186815 /* PlanetsUITests.swift */,
				F9E1C3852C27F9F600186815 /* PlanetsUITestsLaunchTests.swift */,
			);
			path = PlanetsUITests;
			sourceTree = "<group>";
		};
		F9E1C3922C2801EE00186815 /* Networking */ = {
			isa = PBXGroup;
			children = (
				F9E1C3932C28020500186815 /* NetworkError.swift */,
				F9E1C3952C2805B700186815 /* RequestEnum.swift */,
				F9E1C3972C2805D800186815 /* Endpoint.swift */,
				F9E1C39B2C28061F00186815 /* HTTPClient.swift */,
			);
			path = Networking;
			sourceTree = "<group>";
		};
		F9E1C39D2C28065D00186815 /* ArticleList */ = {
			isa = PBXGroup;
			children = (
				F9E1C39E2C28067D00186815 /* AstronomyArticle.swift */,
				F9E1C3A02C28069700186815 /* ArticlesEndpoint.swift */,
				F9E1C3A22C2806DD00186815 /* ArticlesViewModel.swift */,
				F9E1C3A42C28070D00186815 /* ArticleListView.swift */,
			);
			path = ArticleList;
			sourceTree = "<group>";
		};
/* End PBXGroup section */

/* Begin PBXNativeTarget section */
		F9E1C3642C27F9F500186815 /* Planets */ = {
			isa = PBXNativeTarget;
			buildConfigurationList = F9E1C3892C27F9F600186815 /* Build configuration list for PBXNativeTarget "Planets" */;
			buildPhases = (
				F9E1C3612C27F9F500186815 /* Sources */,
				F9E1C3622C27F9F500186815 /* Frameworks */,
				F9E1C3632C27F9F500186815 /* Resources */,
			);
			buildRules = (
			);
			dependencies = (
			);
			name = Planets;
			productName = Planets;
			productReference = F9E1C3652C27F9F500186815 /* Planets.app */;
			productType = "com.apple.product-type.application";
		};
		F9E1C3742C27F9F600186815 /* PlanetsTests */ = {
			isa = PBXNativeTarget;
			buildConfigurationList = F9E1C38C2C27F9F600186815 /* Build configuration list for PBXNativeTarget "PlanetsTests" */;
			buildPhases = (
				F9E1C3712C27F9F600186815 /* Sources */,
				F9E1C3722C27F9F600186815 /* Frameworks */,
				F9E1C3732C27F9F600186815 /* Resources */,
			);
			buildRules = (
			);
			dependencies = (
				F9E1C3772C27F9F600186815 /* PBXTargetDependency */,
			);
			name = PlanetsTests;
			productName = PlanetsTests;
			productReference = F9E1C3752C27F9F600186815 /* PlanetsTests.xctest */;
			productType = "com.apple.product-type.bundle.unit-test";
		};
		F9E1C37E2C27F9F600186815 /* PlanetsUITests */ = {
			isa = PBXNativeTarget;
			buildConfigurationList = F9E1C38F2C27F9F600186815 /* Build configuration list for PBXNativeTarget "PlanetsUITests" */;
			buildPhases = (
				F9E1C37B2C27F9F600186815 /* Sources */,
				F9E1C37C2C27F9F600186815 /* Frameworks */,
				F9E1C37D2C27F9F600186815 /* Resources */,
			);
			buildRules = (
			);
			dependencies = (
				F9E1C3812C27F9F600186815 /* PBXTargetDependency */,
			);
			name = PlanetsUITests;
			productName = PlanetsUITests;
			productReference = F9E1C37F2C27F9F600186815 /* PlanetsUITests.xctest */;
			productType = "com.apple.product-type.bundle.ui-testing";
		};
/* End PBXNativeTarget section */

/* Begin PBXProject section */
		F9E1C35D2C27F9F500186815 /* Project object */ = {
			isa = PBXProject;
			attributes = {
				BuildIndependentTargetsInParallel = 1;
				LastSwiftUpdateCheck = 1540;
				LastUpgradeCheck = 1540;
				TargetAttributes = {
					F9E1C3642C27F9F500186815 = {
						CreatedOnToolsVersion = 15.4;
					};
					F9E1C3742C27F9F600186815 = {
						CreatedOnToolsVersion = 15.4;
						TestTargetID = F9E1C3642C27F9F500186815;
					};
					F9E1C37E2C27F9F600186815 = {
						CreatedOnToolsVersion = 15.4;
						TestTargetID = F9E1C3642C27F9F500186815;
					};
				};
			};
			buildConfigurationList = F9E1C3602C27F9F500186815 /* Build configuration list for PBXProject "Planets" */;
			compatibilityVersion = "Xcode 14.0";
			developmentRegion = en;
			hasScannedForEncodings = 0;
			knownRegions = (
				en,
				Base,
			);
			mainGroup = F9E1C35C2C27F9F500186815;
			productRefGroup = F9E1C3662C27F9F500186815 /* Products */;
			projectDirPath = "";
			projectRoot = "";
			targets = (
				F9E1C3642C27F9F500186815 /* Planets */,
				F9E1C3742C27F9F600186815 /* PlanetsTests */,
				F9E1C37E2C27F9F600186815 /* PlanetsUITests */,
			);
		};
/* End PBXProject section */

/* Begin PBXResourcesBuildPhase section */
		F9E1C3632C27F9F500186815 /* Resources */ = {
			isa = PBXResourcesBuildPhase;
			buildActionMask = 2147483647;
			files = (
				F9E1C3702C27F9F600186815 /* Preview Assets.xcassets in Resources */,
				F9E1C36D2C27F9F600186815 /* Assets.xcassets in Resources */,
			);
			runOnlyForDeploymentPostprocessing = 0;
		};
		F9E1C3732C27F9F600186815 /* Resources */ = {
			isa = PBXResourcesBuildPhase;
			buildActionMask = 2147483647;
			files = (
			);
			runOnlyForDeploymentPostprocessing = 0;
		};
		F9E1C37D2C27F9F600186815 /* Resources */ = {
			isa = PBXResourcesBuildPhase;
			buildActionMask = 2147483647;
			files = (
			);
			runOnlyForDeploymentPostprocessing = 0;
		};
/* End PBXResourcesBuildPhase section */

/* Begin PBXSourcesBuildPhase section */
		F9E1C3612C27F9F500186815 /* Sources */ = {
			isa = PBXSourcesBuildPhase;
			buildActionMask = 2147483647;
			files = (
				F9E1C3942C28020500186815 /* NetworkError.swift in Sources */,
				F9E1C3A52C28070D00186815 /* ArticleListView.swift in Sources */,
				F9E1C3A32C2806DD00186815 /* ArticlesViewModel.swift in Sources */,
				F9E1C39F2C28067D00186815 /* AstronomyArticle.swift in Sources */,
				F9E1C3A12C28069700186815 /* ArticlesEndpoint.swift in Sources */,
				F9E1C3962C2805B700186815 /* RequestEnum.swift in Sources */,
				F9E1C39C2C28061F00186815 /* HTTPClient.swift in Sources */,
				F9E1C3692C27F9F500186815 /* PlanetsApp.swift in Sources */,
				F9E1C3982C2805D800186815 /* Endpoint.swift in Sources */,
				F9E1C39A2C2805F100186815 /* Constants.swift in Sources */,
			);
			runOnlyForDeploymentPostprocessing = 0;
		};
		F9E1C3712C27F9F600186815 /* Sources */ = {
			isa = PBXSourcesBuildPhase;
			buildActionMask = 2147483647;
			files = (
				F9E1C37A2C27F9F600186815 /* PlanetsTests.swift in Sources */,
			);
			runOnlyForDeploymentPostprocessing = 0;
		};
		F9E1C37B2C27F9F600186815 /* Sources */ = {
			isa = PBXSourcesBuildPhase;
			buildActionMask = 2147483647;
			files = (
				F9E1C3862C27F9F600186815 /* PlanetsUITestsLaunchTests.swift in Sources */,
				F9E1C3842C27F9F600186815 /* PlanetsUITests.swift in Sources */,
			);
			runOnlyForDeploymentPostprocessing = 0;
		};
/* End PBXSourcesBuildPhase section */

/* Begin PBXTargetDependency section */
		F9E1C3772C27F9F600186815 /* PBXTargetDependency */ = {
			isa = PBXTargetDependency;
			target = F9E1C3642C27F9F500186815 /* Planets */;
			targetProxy = F9E1C3762C27F9F600186815 /* PBXContainerItemProxy */;
		};
		F9E1C3812C27F9F600186815 /* PBXTargetDependency */ = {
			isa = PBXTargetDependency;
			target = F9E1C3642C27F9F500186815 /* Planets */;
			targetProxy = F9E1C3802C27F9F600186815 /* PBXContainerItemProxy */;
		};
/* End PBXTargetDependency section */

/* Begin XCBuildConfiguration section */
		F9E1C3872C27F9F600186815 /* Debug */ = {
			isa = XCBuildConfiguration;
			buildSettings = {
				ALWAYS_SEARCH_USER_PATHS = NO;
				ASSETCATALOG_COMPILER_GENERATE_SWIFT_ASSET_SYMBOL_EXTENSIONS = YES;
				CLANG_ANALYZER_NONNULL = YES;
				CLANG_ANALYZER_NUMBER_OBJECT_CONVERSION = YES_AGGRESSIVE;
				CLANG_CXX_LANGUAGE_STANDARD = "gnu++20";
				CLANG_ENABLE_MODULES = YES;
				CLANG_ENABLE_OBJC_ARC = YES;
				CLANG_ENABLE_OBJC_WEAK = YES;
				CLANG_WARN_BLOCK_CAPTURE_AUTORELEASING = YES;
				CLANG_WARN_BOOL_CONVERSION = YES;
				CLANG_WARN_COMMA = YES;
				CLANG_WARN_CONSTANT_CONVERSION = YES;
				CLANG_WARN_DEPRECATED_OBJC_IMPLEMENTATIONS = YES;
				CLANG_WARN_DIRECT_OBJC_ISA_USAGE = YES_ERROR;
				CLANG_WARN_DOCUMENTATION_COMMENTS = YES;
				CLANG_WARN_EMPTY_BODY = YES;
				CLANG_WARN_ENUM_CONVERSION = YES;
				CLANG_WARN_INFINITE_RECURSION = YES;
				CLANG_WARN_INT_CONVERSION = YES;
				CLANG_WARN_NON_LITERAL_NULL_CONVERSION = YES;
				CLANG_WARN_OBJC_IMPLICIT_RETAIN_SELF = YES;
				CLANG_WARN_OBJC_LITERAL_CONVERSION = YES;
				CLANG_WARN_OBJC_ROOT_CLASS = YES_ERROR;
				CLANG_WARN_QUOTED_INCLUDE_IN_FRAMEWORK_HEADER = YES;
				CLANG_WARN_RANGE_LOOP_ANALYSIS = YES;
				CLANG_WARN_STRICT_PROTOTYPES = YES;
				CLANG_WARN_SUSPICIOUS_MOVE = YES;
				CLANG_WARN_UNGUARDED_AVAILABILITY = YES_AGGRESSIVE;
				CLANG_WARN_UNREACHABLE_CODE = YES;
				CLANG_WARN__DUPLICATE_METHOD_MATCH = YES;
				COPY_PHASE_STRIP = NO;
				DEBUG_INFORMATION_FORMAT = dwarf;
				ENABLE_STRICT_OBJC_MSGSEND = YES;
				ENABLE_TESTABILITY = YES;
				ENABLE_USER_SCRIPT_SANDBOXING = YES;
				GCC_C_LANGUAGE_STANDARD = gnu17;
				GCC_DYNAMIC_NO_PIC = NO;
				GCC_NO_COMMON_BLOCKS = YES;
				GCC_OPTIMIZATION_LEVEL = 0;
				GCC_PREPROCESSOR_DEFINITIONS = (
					"DEBUG=1",
					"$(inherited)",
				);
				GCC_WARN_64_TO_32_BIT_CONVERSION = YES;
				GCC_WARN_ABOUT_RETURN_TYPE = YES_ERROR;
				GCC_WARN_UNDECLARED_SELECTOR = YES;
				GCC_WARN_UNINITIALIZED_AUTOS = YES_AGGRESSIVE;
				GCC_WARN_UNUSED_FUNCTION = YES;
				GCC_WARN_UNUSED_VARIABLE = YES;
				IPHONEOS_DEPLOYMENT_TARGET = 17.5;
				LOCALIZATION_PREFERS_STRING_CATALOGS = YES;
				MTL_ENABLE_DEBUG_INFO = INCLUDE_SOURCE;
				MTL_FAST_MATH = YES;
				ONLY_ACTIVE_ARCH = YES;
				SDKROOT = iphoneos;
				SWIFT_ACTIVE_COMPILATION_CONDITIONS = "DEBUG $(inherited)";
				SWIFT_OPTIMIZATION_LEVEL = "-Onone";
			};
			name = Debug;
		};
		F9E1C3882C27F9F600186815 /* Release */ = {
			isa = XCBuildConfiguration;
			buildSettings = {
				ALWAYS_SEARCH_USER_PATHS = NO;
				ASSETCATALOG_COMPILER_GENERATE_SWIFT_ASSET_SYMBOL_EXTENSIONS = YES;
				CLANG_ANALYZER_NONNULL = YES;
				CLANG_ANALYZER_NUMBER_OBJECT_CONVERSION = YES_AGGRESSIVE;
				CLANG_CXX_LANGUAGE_STANDARD = "gnu++20";
				CLANG_ENABLE_MODULES = YES;
				CLANG_ENABLE_OBJC_ARC = YES;
				CLANG_ENABLE_OBJC_WEAK = YES;
				CLANG_WARN_BLOCK_CAPTURE_AUTORELEASING = YES;
				CLANG_WARN_BOOL_CONVERSION = YES;
				CLANG_WARN_COMMA = YES;
				CLANG_WARN_CONSTANT_CONVERSION = YES;
				CLANG_WARN_DEPRECATED_OBJC_IMPLEMENTATIONS = YES;
				CLANG_WARN_DIRECT_OBJC_ISA_USAGE = YES_ERROR;
				CLANG_WARN_DOCUMENTATION_COMMENTS = YES;
				CLANG_WARN_EMPTY_BODY = YES;
				CLANG_WARN_ENUM_CONVERSION = YES;
				CLANG_WARN_INFINITE_RECURSION = YES;
				CLANG_WARN_INT_CONVERSION = YES;
				CLANG_WARN_NON_LITERAL_NULL_CONVERSION = YES;
				CLANG_WARN_OBJC_IMPLICIT_RETAIN_SELF = YES;
				CLANG_WARN_OBJC_LITERAL_CONVERSION = YES;
				CLANG_WARN_OBJC_ROOT_CLASS = YES_ERROR;
				CLANG_WARN_QUOTED_INCLUDE_IN_FRAMEWORK_HEADER = YES;
				CLANG_WARN_RANGE_LOOP_ANALYSIS = YES;
				CLANG_WARN_STRICT_PROTOTYPES = YES;
				CLANG_WARN_SUSPICIOUS_MOVE = YES;
				CLANG_WARN_UNGUARDED_AVAILABILITY = YES_AGGRESSIVE;
				CLANG_WARN_UNREACHABLE_CODE = YES;
				CLANG_WARN__DUPLICATE_METHOD_MATCH = YES;
				COPY_PHASE_STRIP = NO;
				DEBUG_INFORMATION_FORMAT = "dwarf-with-dsym";
				ENABLE_NS_ASSERTIONS = NO;
				ENABLE_STRICT_OBJC_MSGSEND = YES;
				ENABLE_USER_SCRIPT_SANDBOXING = YES;
				GCC_C_LANGUAGE_STANDARD = gnu17;
				GCC_NO_COMMON_BLOCKS = YES;
				GCC_WARN_64_TO_32_BIT_CONVERSION = YES;
				GCC_WARN_ABOUT_RETURN_TYPE = YES_ERROR;
				GCC_WARN_UNDECLARED_SELECTOR = YES;
				GCC_WARN_UNINITIALIZED_AUTOS = YES_AGGRESSIVE;
				GCC_WARN_UNUSED_FUNCTION = YES;
				GCC_WARN_UNUSED_VARIABLE = YES;
				IPHONEOS_DEPLOYMENT_TARGET = 17.5;
				LOCALIZATION_PREFERS_STRING_CATALOGS = YES;
				MTL_ENABLE_DEBUG_INFO = NO;
				MTL_FAST_MATH = YES;
				SDKROOT = iphoneos;
				SWIFT_COMPILATION_MODE = wholemodule;
				VALIDATE_PRODUCT = YES;
			};
			name = Release;
		};
		F9E1C38A2C27F9F600186815 /* Debug */ = {
			isa = XCBuildConfiguration;
			buildSettings = {
				ASSETCATALOG_COMPILER_APPICON_NAME = AppIcon;
				ASSETCATALOG_COMPILER_GLOBAL_ACCENT_COLOR_NAME = AccentColor;
				CODE_SIGN_STYLE = Automatic;
				CURRENT_PROJECT_VERSION = 1;
				DEVELOPMENT_ASSET_PATHS = "\"Planets/Preview Content\"";
				ENABLE_PREVIEWS = YES;
				GENERATE_INFOPLIST_FILE = YES;
				INFOPLIST_KEY_UIApplicationSceneManifest_Generation = YES;
				INFOPLIST_KEY_UIApplicationSupportsIndirectInputEvents = YES;
				INFOPLIST_KEY_UILaunchScreen_Generation = YES;
				INFOPLIST_KEY_UISupportedInterfaceOrientations_iPad = "UIInterfaceOrientationPortrait UIInterfaceOrientationPortraitUpsideDown UIInterfaceOrientationLandscapeLeft UIInterfaceOrientationLandscapeRight";
				INFOPLIST_KEY_UISupportedInterfaceOrientations_iPhone = "UIInterfaceOrientationPortrait UIInterfaceOrientationLandscapeLeft UIInterfaceOrientationLandscapeRight";
				IPHONEOS_DEPLOYMENT_TARGET = 15.0;
				LD_RUNPATH_SEARCH_PATHS = (
					"$(inherited)",
					"@executable_path/Frameworks",
				);
				MARKETING_VERSION = 1.0;
				PRODUCT_BUNDLE_IDENTIFIER = Pratik.Planets;
				PRODUCT_NAME = "$(TARGET_NAME)";
				SWIFT_EMIT_LOC_STRINGS = YES;
				SWIFT_VERSION = 5.0;
				TARGETED_DEVICE_FAMILY = "1,2";
			};
			name = Debug;
		};
		F9E1C38B2C27F9F600186815 /* Release */ = {
			isa = XCBuildConfiguration;
			buildSettings = {
				ASSETCATALOG_COMPILER_APPICON_NAME = AppIcon;
				ASSETCATALOG_COMPILER_GLOBAL_ACCENT_COLOR_NAME = AccentColor;
				CODE_SIGN_STYLE = Automatic;
				CURRENT_PROJECT_VERSION = 1;
				DEVELOPMENT_ASSET_PATHS = "\"Planets/Preview Content\"";
				ENABLE_PREVIEWS = YES;
				GENERATE_INFOPLIST_FILE = YES;
				INFOPLIST_KEY_UIApplicationSceneManifest_Generation = YES;
				INFOPLIST_KEY_UIApplicationSupportsIndirectInputEvents = YES;
				INFOPLIST_KEY_UILaunchScreen_Generation = YES;
				INFOPLIST_KEY_UISupportedInterfaceOrientations_iPad = "UIInterfaceOrientationPortrait UIInterfaceOrientationPortraitUpsideDown UIInterfaceOrientationLandscapeLeft UIInterfaceOrientationLandscapeRight";
				INFOPLIST_KEY_UISupportedInterfaceOrientations_iPhone = "UIInterfaceOrientationPortrait UIInterfaceOrientationLandscapeLeft UIInterfaceOrientationLandscapeRight";
				IPHONEOS_DEPLOYMENT_TARGET = 15.0;
				LD_RUNPATH_SEARCH_PATHS = (
					"$(inherited)",
					"@executable_path/Frameworks",
				);
				MARKETING_VERSION = 1.0;
				PRODUCT_BUNDLE_IDENTIFIER = Pratik.Planets;
				PRODUCT_NAME = "$(TARGET_NAME)";
				SWIFT_EMIT_LOC_STRINGS = YES;
				SWIFT_VERSION = 5.0;
				TARGETED_DEVICE_FAMILY = "1,2";
			};
			name = Release;
		};
		F9E1C38D2C27F9F600186815 /* Debug */ = {
			isa = XCBuildConfiguration;
			buildSettings = {
				ALWAYS_EMBED_SWIFT_STANDARD_LIBRARIES = YES;
				BUNDLE_LOADER = "$(TEST_HOST)";
				CODE_SIGN_STYLE = Automatic;
				CURRENT_PROJECT_VERSION = 1;
				GENERATE_INFOPLIST_FILE = YES;
				IPHONEOS_DEPLOYMENT_TARGET = 15.0;
				MARKETING_VERSION = 1.0;
				PRODUCT_BUNDLE_IDENTIFIER = Pratik.PlanetsTests;
				PRODUCT_NAME = "$(TARGET_NAME)";
				SWIFT_EMIT_LOC_STRINGS = NO;
				SWIFT_VERSION = 5.0;
				TARGETED_DEVICE_FAMILY = "1,2";
				TEST_HOST = "$(BUILT_PRODUCTS_DIR)/Planets.app/$(BUNDLE_EXECUTABLE_FOLDER_PATH)/Planets";
			};
			name = Debug;
		};
		F9E1C38E2C27F9F600186815 /* Release */ = {
			isa = XCBuildConfiguration;
			buildSettings = {
				ALWAYS_EMBED_SWIFT_STANDARD_LIBRARIES = YES;
				BUNDLE_LOADER = "$(TEST_HOST)";
				CODE_SIGN_STYLE = Automatic;
				CURRENT_PROJECT_VERSION = 1;
				GENERATE_INFOPLIST_FILE = YES;
				IPHONEOS_DEPLOYMENT_TARGET = 15.0;
				MARKETING_VERSION = 1.0;
				PRODUCT_BUNDLE_IDENTIFIER = Pratik.PlanetsTests;
				PRODUCT_NAME = "$(TARGET_NAME)";
				SWIFT_EMIT_LOC_STRINGS = NO;
				SWIFT_VERSION = 5.0;
				TARGETED_DEVICE_FAMILY = "1,2";
				TEST_HOST = "$(BUILT_PRODUCTS_DIR)/Planets.app/$(BUNDLE_EXECUTABLE_FOLDER_PATH)/Planets";
			};
			name = Release;
		};
		F9E1C3902C27F9F600186815 /* Debug */ = {
			isa = XCBuildConfiguration;
			buildSettings = {
				ALWAYS_EMBED_SWIFT_STANDARD_LIBRARIES = YES;
				CODE_SIGN_STYLE = Automatic;
				CURRENT_PROJECT_VERSION = 1;
				GENERATE_INFOPLIST_FILE = YES;
				IPHONEOS_DEPLOYMENT_TARGET = 15.0;
				MARKETING_VERSION = 1.0;
				PRODUCT_BUNDLE_IDENTIFIER = Pratik.PlanetsUITests;
				PRODUCT_NAME = "$(TARGET_NAME)";
				SWIFT_EMIT_LOC_STRINGS = NO;
				SWIFT_VERSION = 5.0;
				TARGETED_DEVICE_FAMILY = "1,2";
				TEST_TARGET_NAME = Planets;
			};
			name = Debug;
		};
		F9E1C3912C27F9F600186815 /* Release */ = {
			isa = XCBuildConfiguration;
			buildSettings = {
				ALWAYS_EMBED_SWIFT_STANDARD_LIBRARIES = YES;
				CODE_SIGN_STYLE = Automatic;
				CURRENT_PROJECT_VERSION = 1;
				GENERATE_INFOPLIST_FILE = YES;
				IPHONEOS_DEPLOYMENT_TARGET = 15.0;
				MARKETING_VERSION = 1.0;
				PRODUCT_BUNDLE_IDENTIFIER = Pratik.PlanetsUITests;
				PRODUCT_NAME = "$(TARGET_NAME)";
				SWIFT_EMIT_LOC_STRINGS = NO;
				SWIFT_VERSION = 5.0;
				TARGETED_DEVICE_FAMILY = "1,2";
				TEST_TARGET_NAME = Planets;
			};
			name = Release;
		};
/* End XCBuildConfiguration section */

/* Begin XCConfigurationList section */
		F9E1C3602C27F9F500186815 /* Build configuration list for PBXProject "Planets" */ = {
			isa = XCConfigurationList;
			buildConfigurations = (
				F9E1C3872C27F9F600186815 /* Debug */,
				F9E1C3882C27F9F600186815 /* Release */,
			);
			defaultConfigurationIsVisible = 0;
			defaultConfigurationName = Release;
		};
		F9E1C3892C27F9F600186815 /* Build configuration list for PBXNativeTarget "Planets" */ = {
			isa = XCConfigurationList;
			buildConfigurations = (
				F9E1C38A2C27F9F600186815 /* Debug */,
				F9E1C38B2C27F9F600186815 /* Release */,
			);
			defaultConfigurationIsVisible = 0;
			defaultConfigurationName = Release;
		};
		F9E1C38C2C27F9F600186815 /* Build configuration list for PBXNativeTarget "PlanetsTests" */ = {
			isa = XCConfigurationList;
			buildConfigurations = (
				F9E1C38D2C27F9F600186815 /* Debug */,
				F9E1C38E2C27F9F600186815 /* Release */,
			);
			defaultConfigurationIsVisible = 0;
			defaultConfigurationName = Release;
		};
		F9E1C38F2C27F9F600186815 /* Build configuration list for PBXNativeTarget "PlanetsUITests" */ = {
			isa = XCConfigurationList;
			buildConfigurations = (
				F9E1C3902C27F9F600186815 /* Debug */,
				F9E1C3912C27F9F600186815 /* Release */,
			);
			defaultConfigurationIsVisible = 0;
			defaultConfigurationName = Release;
		};
/* End XCConfigurationList section */
	};
	rootObject = F9E1C35D2C27F9F500186815 /* Project object */;
}
